// !$*UTF8*$!
{
	archiveVersion = 1;
	classes = {
	};
	objectVersion = 46;
	objects = {

/* Begin PBXBuildFile section */
		00C302E51ABCBA2D00DB3ED1 /* libRCTActionSheet.a in Frameworks */ = {isa = PBXBuildFile; fileRef = 00C302AC1ABCB8CE00DB3ED1 /* libRCTActionSheet.a */; };
		00C302E71ABCBA2D00DB3ED1 /* libRCTGeolocation.a in Frameworks */ = {isa = PBXBuildFile; fileRef = 00C302BA1ABCB90400DB3ED1 /* libRCTGeolocation.a */; };
		00C302E81ABCBA2D00DB3ED1 /* libRCTImage.a in Frameworks */ = {isa = PBXBuildFile; fileRef = 00C302C01ABCB91800DB3ED1 /* libRCTImage.a */; };
		00C302E91ABCBA2D00DB3ED1 /* libRCTNetwork.a in Frameworks */ = {isa = PBXBuildFile; fileRef = 00C302DC1ABCB9D200DB3ED1 /* libRCTNetwork.a */; };
		00C302EA1ABCBA2D00DB3ED1 /* libRCTVibration.a in Frameworks */ = {isa = PBXBuildFile; fileRef = 00C302E41ABCB9EE00DB3ED1 /* libRCTVibration.a */; };
		00E356F31AD99517003FC87E /* IceBear_SoundsTests.m in Sources */ = {isa = PBXBuildFile; fileRef = 00E356F21AD99517003FC87E /* IceBear_SoundsTests.m */; };
		0E77F05E274D4F9082954291 /* Entypo.ttf in Resources */ = {isa = PBXBuildFile; fileRef = 059D7E8FFEA04F8DB0B70C8E /* Entypo.ttf */; };
		133E29F31AD74F7200F7D852 /* libRCTLinking.a in Frameworks */ = {isa = PBXBuildFile; fileRef = 78C398B91ACF4ADC00677621 /* libRCTLinking.a */; };
		139105C61AF99C1200B5F7CC /* libRCTSettings.a in Frameworks */ = {isa = PBXBuildFile; fileRef = 139105C11AF99BAD00B5F7CC /* libRCTSettings.a */; };
		139FDEF61B0652A700C62182 /* libRCTWebSocket.a in Frameworks */ = {isa = PBXBuildFile; fileRef = 139FDEF41B06529B00C62182 /* libRCTWebSocket.a */; };
		13A2A6F1F8114AC28A3A5D6C /* FontAwesome.ttf in Resources */ = {isa = PBXBuildFile; fileRef = 396D21C9AEB24A4B9C86B3F9 /* FontAwesome.ttf */; };
		13B07FBC1A68108700A75B9A /* AppDelegate.m in Sources */ = {isa = PBXBuildFile; fileRef = 13B07FB01A68108700A75B9A /* AppDelegate.m */; };
		13B07FBD1A68108700A75B9A /* LaunchScreen.xib in Resources */ = {isa = PBXBuildFile; fileRef = 13B07FB11A68108700A75B9A /* LaunchScreen.xib */; };
		13B07FBF1A68108700A75B9A /* Images.xcassets in Resources */ = {isa = PBXBuildFile; fileRef = 13B07FB51A68108700A75B9A /* Images.xcassets */; };
		13B07FC11A68108700A75B9A /* main.m in Sources */ = {isa = PBXBuildFile; fileRef = 13B07FB71A68108700A75B9A /* main.m */; };
		140ED2AC1D01E1AD002B40FF /* libReact.a in Frameworks */ = {isa = PBXBuildFile; fileRef = 146834041AC3E56700842450 /* libReact.a */; };
		146834051AC3E58100842450 /* libReact.a in Frameworks */ = {isa = PBXBuildFile; fileRef = 146834041AC3E56700842450 /* libReact.a */; };
		1609D81F1E0E7E60004ECE41 /* IB_koreanxmasheaven.mp3 in Resources */ = {isa = PBXBuildFile; fileRef = 1609D81E1E0E7E60004ECE41 /* IB_koreanxmasheaven.mp3 */; };
		1609D8361E0E7F39004ECE41 /* IB_best_thing_to_happen.mp3 in Resources */ = {isa = PBXBuildFile; fileRef = 1609D8351E0E7F39004ECE41 /* IB_best_thing_to_happen.mp3 */; };
		1609D8381E0EFC16004ECE41 /* IB_enjoys_basking.mp3 in Resources */ = {isa = PBXBuildFile; fileRef = 1609D8371E0EFC16004ECE41 /* IB_enjoys_basking.mp3 */; };
		1609D83A1E0EFCC9004ECE41 /* IB_believed_in_you.mp3 in Resources */ = {isa = PBXBuildFile; fileRef = 1609D8391E0EFCC9004ECE41 /* IB_believed_in_you.mp3 */; };
		1609D83C1E0EFD1A004ECE41 /* IB_coach_you_manhood.mp3 in Resources */ = {isa = PBXBuildFile; fileRef = 1609D83B1E0EFD1A004ECE41 /* IB_coach_you_manhood.mp3 */; };
		1609D83E1E0EFD6D004ECE41 /* IB_is_still_proud.mp3 in Resources */ = {isa = PBXBuildFile; fileRef = 1609D83D1E0EFD6D004ECE41 /* IB_is_still_proud.mp3 */; };
		1609D8401E0EFE08004ECE41 /* IB_thinks_youre_precious.mp3 in Resources */ = {isa = PBXBuildFile; fileRef = 1609D83F1E0EFE08004ECE41 /* IB_thinks_youre_precious.mp3 */; };
		1609D8421E0EFE97004ECE41 /* IB_will_not_bless_you.mp3 in Resources */ = {isa = PBXBuildFile; fileRef = 1609D8411E0EFE97004ECE41 /* IB_will_not_bless_you.mp3 */; };
		1609D8441E0EFEEF004ECE41 /* IB_wants_top_bear.mp3 in Resources */ = {isa = PBXBuildFile; fileRef = 1609D8431E0EFEEF004ECE41 /* IB_wants_top_bear.mp3 */; };
		1609D8461E0EFFA4004ECE41 /* IB_bug_spray.mp3 in Resources */ = {isa = PBXBuildFile; fileRef = 1609D8451E0EFFA4004ECE41 /* IB_bug_spray.mp3 */; };
		1609D8481E0EFFF1004ECE41 /* IB_is_survivor.mp3 in Resources */ = {isa = PBXBuildFile; fileRef = 1609D8471E0EFFF1004ECE41 /* IB_is_survivor.mp3 */; };
		1609D84A1E0F0031004ECE41 /* IB_made_a_pajmina.mp3 in Resources */ = {isa = PBXBuildFile; fileRef = 1609D8491E0F0031004ECE41 /* IB_made_a_pajmina.mp3 */; };
		1609D84C1E0F01E6004ECE41 /* IB_settled_that.mp3 in Resources */ = {isa = PBXBuildFile; fileRef = 1609D84B1E0F01E6004ECE41 /* IB_settled_that.mp3 */; };
		1609D84E1E0F0268004ECE41 /* IB_turtle.mp3 in Resources */ = {isa = PBXBuildFile; fileRef = 1609D84D1E0F0268004ECE41 /* IB_turtle.mp3 */; };
		1609D8501E0F02F1004ECE41 /* IB_dont_ditch.mp3 in Resources */ = {isa = PBXBuildFile; fileRef = 1609D84F1E0F02F1004ECE41 /* IB_dont_ditch.mp3 */; };
		1609D8521E0F0364004ECE41 /* IB_turtle_neck.mp3 in Resources */ = {isa = PBXBuildFile; fileRef = 1609D8511E0F0364004ECE41 /* IB_turtle_neck.mp3 */; };
		1609D8541E0F03E7004ECE41 /* IB_tote_life.mp3 in Resources */ = {isa = PBXBuildFile; fileRef = 1609D8531E0F03E7004ECE41 /* IB_tote_life.mp3 */; };
		1609D8561E0F0438004ECE41 /* IB_miss_yoga.mp3 in Resources */ = {isa = PBXBuildFile; fileRef = 1609D8551E0F0438004ECE41 /* IB_miss_yoga.mp3 */; };
		16E4C5981E0BC45600FE126F /* tote_wrap.mp3 in Resources */ = {isa = PBXBuildFile; fileRef = 16E4C5971E0BC45600FE126F /* tote_wrap.mp3 */; };
		16E4C5D11E0E7BF500FE126F /* IB_koreanxmasheaven.mp3 in Resources */ = {isa = PBXBuildFile; fileRef = 16E4C5D01E0E7BF500FE126F /* IB_koreanxmasheaven.mp3 */; };
		1D0620B828EA4DA7B9DC9D9E /* MaterialIcons.ttf in Resources */ = {isa = PBXBuildFile; fileRef = 6F0B21574A724CED8B96CC84 /* MaterialIcons.ttf */; };
		57B044A1ECDE460AB4EFCD76 /* Octicons.ttf in Resources */ = {isa = PBXBuildFile; fileRef = CB676C161B9747998C5EEC7D /* Octicons.ttf */; };
		5DD1AB8DBAB441F983DD9C30 /* Zocial.ttf in Resources */ = {isa = PBXBuildFile; fileRef = 3083B1CDFB3E4CCAA8BB97B2 /* Zocial.ttf */; };
		5E9157361DD0AC6A00FF2AA8 /* libRCTAnimation.a in Frameworks */ = {isa = PBXBuildFile; fileRef = 5E9157331DD0AC6500FF2AA8 /* libRCTAnimation.a */; };
		832341BD1AAA6AB300B99B32 /* libRCTText.a in Frameworks */ = {isa = PBXBuildFile; fileRef = 832341B51AAA6A8300B99B32 /* libRCTText.a */; };
		863064C184E34E239665704A /* libRNVectorIcons.a in Frameworks */ = {isa = PBXBuildFile; fileRef = 341B84460A00457FB433E24F /* libRNVectorIcons.a */; };
		9C1B2ED50EF84B6593E0E998 /* Ionicons.ttf in Resources */ = {isa = PBXBuildFile; fileRef = BC1EDCFB3B734F4EA16278B9 /* Ionicons.ttf */; };
		A62A90951E0B83D8003D5752 /* libRNSound.a in Frameworks */ = {isa = PBXBuildFile; fileRef = A62A90941E0B83A3003D5752 /* libRNSound.a */; };
		A62A909B1E0B8433003D5752 /* IB_awnyawng.mp3 in Resources */ = {isa = PBXBuildFile; fileRef = A62A90961E0B8433003D5752 /* IB_awnyawng.mp3 */; };
		A62A909C1E0B8433003D5752 /* IB_jizomida.mp3 in Resources */ = {isa = PBXBuildFile; fileRef = A62A90971E0B8433003D5752 /* IB_jizomida.mp3 */; };
		A62A909D1E0B8433003D5752 /* IB_ossuoshipshoe.mp3 in Resources */ = {isa = PBXBuildFile; fileRef = A62A90981E0B8433003D5752 /* IB_ossuoshipshoe.mp3 */; };
		A62A909E1E0B8433003D5752 /* IB_poogi_something.mp3 in Resources */ = {isa = PBXBuildFile; fileRef = A62A90991E0B8433003D5752 /* IB_poogi_something.mp3 */; };
		A62A909F1E0B8433003D5752 /* IB_shilliyagisamnidad.mp3 in Resources */ = {isa = PBXBuildFile; fileRef = A62A909A1E0B8433003D5752 /* IB_shilliyagisamnidad.mp3 */; };
		A62A90AC1E0B9CAA003D5752 /* images in Resources */ = {isa = PBXBuildFile; fileRef = A62A90AB1E0B9CAA003D5752 /* images */; };
		C017393946FB4275B83413D9 /* SimpleLineIcons.ttf in Resources */ = {isa = PBXBuildFile; fileRef = 0578CFB4629B491A9FE7C5CC /* SimpleLineIcons.ttf */; };
		C278F61A06774720A1AC22FD /* Foundation.ttf in Resources */ = {isa = PBXBuildFile; fileRef = D4260AD6C0344AFE9B4F9C6B /* Foundation.ttf */; };
		CED311EF17284F818B7B2751 /* EvilIcons.ttf in Resources */ = {isa = PBXBuildFile; fileRef = 7A61C611EDFF4933AE37CA44 /* EvilIcons.ttf */; };
/* End PBXBuildFile section */

/* Begin PBXContainerItemProxy section */
		00C302AB1ABCB8CE00DB3ED1 /* PBXContainerItemProxy */ = {
			isa = PBXContainerItemProxy;
			containerPortal = 00C302A71ABCB8CE00DB3ED1 /* RCTActionSheet.xcodeproj */;
			proxyType = 2;
			remoteGlobalIDString = 134814201AA4EA6300B7C361;
			remoteInfo = RCTActionSheet;
		};
		00C302B91ABCB90400DB3ED1 /* PBXContainerItemProxy */ = {
			isa = PBXContainerItemProxy;
			containerPortal = 00C302B51ABCB90400DB3ED1 /* RCTGeolocation.xcodeproj */;
			proxyType = 2;
			remoteGlobalIDString = 134814201AA4EA6300B7C361;
			remoteInfo = RCTGeolocation;
		};
		00C302BF1ABCB91800DB3ED1 /* PBXContainerItemProxy */ = {
			isa = PBXContainerItemProxy;
			containerPortal = 00C302BB1ABCB91800DB3ED1 /* RCTImage.xcodeproj */;
			proxyType = 2;
			remoteGlobalIDString = 58B5115D1A9E6B3D00147676;
			remoteInfo = RCTImage;
		};
		00C302DB1ABCB9D200DB3ED1 /* PBXContainerItemProxy */ = {
			isa = PBXContainerItemProxy;
			containerPortal = 00C302D31ABCB9D200DB3ED1 /* RCTNetwork.xcodeproj */;
			proxyType = 2;
			remoteGlobalIDString = 58B511DB1A9E6C8500147676;
			remoteInfo = RCTNetwork;
		};
		00C302E31ABCB9EE00DB3ED1 /* PBXContainerItemProxy */ = {
			isa = PBXContainerItemProxy;
			containerPortal = 00C302DF1ABCB9EE00DB3ED1 /* RCTVibration.xcodeproj */;
			proxyType = 2;
			remoteGlobalIDString = 832C81801AAF6DEF007FA2F7;
			remoteInfo = RCTVibration;
		};
		00E356F41AD99517003FC87E /* PBXContainerItemProxy */ = {
			isa = PBXContainerItemProxy;
			containerPortal = 83CBB9F71A601CBA00E9B192 /* Project object */;
			proxyType = 1;
			remoteGlobalIDString = 13B07F861A680F5B00A75B9A;
			remoteInfo = IceBear_Sounds;
		};
		139105C01AF99BAD00B5F7CC /* PBXContainerItemProxy */ = {
			isa = PBXContainerItemProxy;
			containerPortal = 139105B61AF99BAD00B5F7CC /* RCTSettings.xcodeproj */;
			proxyType = 2;
			remoteGlobalIDString = 134814201AA4EA6300B7C361;
			remoteInfo = RCTSettings;
		};
		139FDEF31B06529B00C62182 /* PBXContainerItemProxy */ = {
			isa = PBXContainerItemProxy;
			containerPortal = 139FDEE61B06529A00C62182 /* RCTWebSocket.xcodeproj */;
			proxyType = 2;
			remoteGlobalIDString = 3C86DF461ADF2C930047B81A;
			remoteInfo = RCTWebSocket;
		};
		146834031AC3E56700842450 /* PBXContainerItemProxy */ = {
			isa = PBXContainerItemProxy;
			containerPortal = 146833FF1AC3E56700842450 /* React.xcodeproj */;
			proxyType = 2;
			remoteGlobalIDString = 83CBBA2E1A601D0E00E9B192;
			remoteInfo = React;
		};
		5E9157321DD0AC6500FF2AA8 /* PBXContainerItemProxy */ = {
			isa = PBXContainerItemProxy;
			containerPortal = 5E91572D1DD0AC6500FF2AA8 /* RCTAnimation.xcodeproj */;
			proxyType = 2;
			remoteGlobalIDString = 134814201AA4EA6300B7C361;
			remoteInfo = RCTAnimation;
		};
		5E9157341DD0AC6500FF2AA8 /* PBXContainerItemProxy */ = {
			isa = PBXContainerItemProxy;
			containerPortal = 5E91572D1DD0AC6500FF2AA8 /* RCTAnimation.xcodeproj */;
			proxyType = 2;
			remoteGlobalIDString = 2D2A28201D9B03D100D4039D;
			remoteInfo = "RCTAnimation-tvOS";
		};
		78C398B81ACF4ADC00677621 /* PBXContainerItemProxy */ = {
			isa = PBXContainerItemProxy;
			containerPortal = 78C398B01ACF4ADC00677621 /* RCTLinking.xcodeproj */;
			proxyType = 2;
			remoteGlobalIDString = 134814201AA4EA6300B7C361;
			remoteInfo = RCTLinking;
		};
		832341B41AAA6A8300B99B32 /* PBXContainerItemProxy */ = {
			isa = PBXContainerItemProxy;
			containerPortal = 832341B01AAA6A8300B99B32 /* RCTText.xcodeproj */;
			proxyType = 2;
			remoteGlobalIDString = 58B5119B1A9E6C1200147676;
			remoteInfo = RCTText;
		};
		A62A90711E0B7D94003D5752 /* PBXContainerItemProxy */ = {
			isa = PBXContainerItemProxy;
			containerPortal = 00C302BB1ABCB91800DB3ED1 /* RCTImage.xcodeproj */;
			proxyType = 2;
			remoteGlobalIDString = 2D2A283A1D9B042B00D4039D;
			remoteInfo = "RCTImage-tvOS";
		};
		A62A90751E0B7D94003D5752 /* PBXContainerItemProxy */ = {
			isa = PBXContainerItemProxy;
			containerPortal = 78C398B01ACF4ADC00677621 /* RCTLinking.xcodeproj */;
			proxyType = 2;
			remoteGlobalIDString = 2D2A28471D9B043800D4039D;
			remoteInfo = "RCTLinking-tvOS";
		};
		A62A90791E0B7D94003D5752 /* PBXContainerItemProxy */ = {
			isa = PBXContainerItemProxy;
			containerPortal = 00C302D31ABCB9D200DB3ED1 /* RCTNetwork.xcodeproj */;
			proxyType = 2;
			remoteGlobalIDString = 2D2A28541D9B044C00D4039D;
			remoteInfo = "RCTNetwork-tvOS";
		};
		A62A907D1E0B7D94003D5752 /* PBXContainerItemProxy */ = {
			isa = PBXContainerItemProxy;
			containerPortal = 139105B61AF99BAD00B5F7CC /* RCTSettings.xcodeproj */;
			proxyType = 2;
			remoteGlobalIDString = 2D2A28611D9B046600D4039D;
			remoteInfo = "RCTSettings-tvOS";
		};
		A62A90811E0B7D94003D5752 /* PBXContainerItemProxy */ = {
			isa = PBXContainerItemProxy;
			containerPortal = 832341B01AAA6A8300B99B32 /* RCTText.xcodeproj */;
			proxyType = 2;
			remoteGlobalIDString = 2D2A287B1D9B048500D4039D;
			remoteInfo = "RCTText-tvOS";
		};
		A62A90861E0B7D94003D5752 /* PBXContainerItemProxy */ = {
			isa = PBXContainerItemProxy;
			containerPortal = 139FDEE61B06529A00C62182 /* RCTWebSocket.xcodeproj */;
			proxyType = 2;
			remoteGlobalIDString = 2D2A28881D9B049200D4039D;
			remoteInfo = "RCTWebSocket-tvOS";
		};
		A62A908A1E0B7D94003D5752 /* PBXContainerItemProxy */ = {
			isa = PBXContainerItemProxy;
			containerPortal = 146833FF1AC3E56700842450 /* React.xcodeproj */;
			proxyType = 2;
			remoteGlobalIDString = 2D2A28131D9B038B00D4039D;
			remoteInfo = "React-tvOS";
		};
		A62A908D1E0B7D94003D5752 /* PBXContainerItemProxy */ = {
			isa = PBXContainerItemProxy;
			containerPortal = A7420D8C756640FDB2DFB3CD /* RNVectorIcons.xcodeproj */;
			proxyType = 2;
			remoteGlobalIDString = 5DBEB1501B18CEA900B34395;
			remoteInfo = RNVectorIcons;
		};
		A62A90931E0B83A3003D5752 /* PBXContainerItemProxy */ = {
			isa = PBXContainerItemProxy;
			containerPortal = A62A908F1E0B83A3003D5752 /* RNSound.xcodeproj */;
			proxyType = 2;
			remoteGlobalIDString = 19825A1E1BD4A89800EE0337;
			remoteInfo = RNSound;
		};
/* End PBXContainerItemProxy section */

/* Begin PBXFileReference section */
		008F07F21AC5B25A0029DE68 /* main.jsbundle */ = {isa = PBXFileReference; fileEncoding = 4; lastKnownFileType = text; path = main.jsbundle; sourceTree = "<group>"; };
		00C302A71ABCB8CE00DB3ED1 /* RCTActionSheet.xcodeproj */ = {isa = PBXFileReference; lastKnownFileType = "wrapper.pb-project"; name = RCTActionSheet.xcodeproj; path = "../node_modules/react-native/Libraries/ActionSheetIOS/RCTActionSheet.xcodeproj"; sourceTree = "<group>"; };
		00C302B51ABCB90400DB3ED1 /* RCTGeolocation.xcodeproj */ = {isa = PBXFileReference; lastKnownFileType = "wrapper.pb-project"; name = RCTGeolocation.xcodeproj; path = "../node_modules/react-native/Libraries/Geolocation/RCTGeolocation.xcodeproj"; sourceTree = "<group>"; };
		00C302BB1ABCB91800DB3ED1 /* RCTImage.xcodeproj */ = {isa = PBXFileReference; lastKnownFileType = "wrapper.pb-project"; name = RCTImage.xcodeproj; path = "../node_modules/react-native/Libraries/Image/RCTImage.xcodeproj"; sourceTree = "<group>"; };
		00C302D31ABCB9D200DB3ED1 /* RCTNetwork.xcodeproj */ = {isa = PBXFileReference; lastKnownFileType = "wrapper.pb-project"; name = RCTNetwork.xcodeproj; path = "../node_modules/react-native/Libraries/Network/RCTNetwork.xcodeproj"; sourceTree = "<group>"; };
		00C302DF1ABCB9EE00DB3ED1 /* RCTVibration.xcodeproj */ = {isa = PBXFileReference; lastKnownFileType = "wrapper.pb-project"; name = RCTVibration.xcodeproj; path = "../node_modules/react-native/Libraries/Vibration/RCTVibration.xcodeproj"; sourceTree = "<group>"; };
		00E356EE1AD99517003FC87E /* IceBear_SoundsTests.xctest */ = {isa = PBXFileReference; explicitFileType = wrapper.cfbundle; includeInIndex = 0; path = IceBear_SoundsTests.xctest; sourceTree = BUILT_PRODUCTS_DIR; };
		00E356F11AD99517003FC87E /* Info.plist */ = {isa = PBXFileReference; lastKnownFileType = text.plist.xml; path = Info.plist; sourceTree = "<group>"; };
		00E356F21AD99517003FC87E /* IceBear_SoundsTests.m */ = {isa = PBXFileReference; lastKnownFileType = sourcecode.c.objc; path = IceBear_SoundsTests.m; sourceTree = "<group>"; };
		0578CFB4629B491A9FE7C5CC /* SimpleLineIcons.ttf */ = {isa = PBXFileReference; explicitFileType = undefined; fileEncoding = 9; includeInIndex = 0; lastKnownFileType = unknown; name = SimpleLineIcons.ttf; path = "../node_modules/react-native-vector-icons/Fonts/SimpleLineIcons.ttf"; sourceTree = "<group>"; };
		059D7E8FFEA04F8DB0B70C8E /* Entypo.ttf */ = {isa = PBXFileReference; explicitFileType = undefined; fileEncoding = 9; includeInIndex = 0; lastKnownFileType = unknown; name = Entypo.ttf; path = "../node_modules/react-native-vector-icons/Fonts/Entypo.ttf"; sourceTree = "<group>"; };
		139105B61AF99BAD00B5F7CC /* RCTSettings.xcodeproj */ = {isa = PBXFileReference; lastKnownFileType = "wrapper.pb-project"; name = RCTSettings.xcodeproj; path = "../node_modules/react-native/Libraries/Settings/RCTSettings.xcodeproj"; sourceTree = "<group>"; };
		139FDEE61B06529A00C62182 /* RCTWebSocket.xcodeproj */ = {isa = PBXFileReference; lastKnownFileType = "wrapper.pb-project"; name = RCTWebSocket.xcodeproj; path = "../node_modules/react-native/Libraries/WebSocket/RCTWebSocket.xcodeproj"; sourceTree = "<group>"; };
		13B07F961A680F5B00A75B9A /* IceBear_Sounds.app */ = {isa = PBXFileReference; explicitFileType = wrapper.application; includeInIndex = 0; path = IceBear_Sounds.app; sourceTree = BUILT_PRODUCTS_DIR; };
		13B07FAF1A68108700A75B9A /* AppDelegate.h */ = {isa = PBXFileReference; fileEncoding = 4; lastKnownFileType = sourcecode.c.h; name = AppDelegate.h; path = IceBear_Sounds/AppDelegate.h; sourceTree = "<group>"; };
		13B07FB01A68108700A75B9A /* AppDelegate.m */ = {isa = PBXFileReference; fileEncoding = 4; lastKnownFileType = sourcecode.c.objc; name = AppDelegate.m; path = IceBear_Sounds/AppDelegate.m; sourceTree = "<group>"; };
		13B07FB21A68108700A75B9A /* Base */ = {isa = PBXFileReference; lastKnownFileType = file.xib; name = Base; path = Base.lproj/LaunchScreen.xib; sourceTree = "<group>"; };
		13B07FB51A68108700A75B9A /* Images.xcassets */ = {isa = PBXFileReference; lastKnownFileType = folder.assetcatalog; name = Images.xcassets; path = IceBear_Sounds/Images.xcassets; sourceTree = "<group>"; };
		13B07FB61A68108700A75B9A /* Info.plist */ = {isa = PBXFileReference; fileEncoding = 4; lastKnownFileType = text.plist.xml; name = Info.plist; path = IceBear_Sounds/Info.plist; sourceTree = "<group>"; };
		13B07FB71A68108700A75B9A /* main.m */ = {isa = PBXFileReference; fileEncoding = 4; lastKnownFileType = sourcecode.c.objc; name = main.m; path = IceBear_Sounds/main.m; sourceTree = "<group>"; };
		146833FF1AC3E56700842450 /* React.xcodeproj */ = {isa = PBXFileReference; lastKnownFileType = "wrapper.pb-project"; name = React.xcodeproj; path = "../node_modules/react-native/React/React.xcodeproj"; sourceTree = "<group>"; };
		1609D81E1E0E7E60004ECE41 /* IB_koreanxmasheaven.mp3 */ = {isa = PBXFileReference; lastKnownFileType = audio.mp3; path = IB_koreanxmasheaven.mp3; sourceTree = "<group>"; };
		1609D8351E0E7F39004ECE41 /* IB_best_thing_to_happen.mp3 */ = {isa = PBXFileReference; lastKnownFileType = audio.mp3; path = IB_best_thing_to_happen.mp3; sourceTree = "<group>"; };
		1609D8371E0EFC16004ECE41 /* IB_enjoys_basking.mp3 */ = {isa = PBXFileReference; lastKnownFileType = audio.mp3; path = IB_enjoys_basking.mp3; sourceTree = "<group>"; };
		1609D8391E0EFCC9004ECE41 /* IB_believed_in_you.mp3 */ = {isa = PBXFileReference; lastKnownFileType = audio.mp3; path = IB_believed_in_you.mp3; sourceTree = "<group>"; };
		1609D83B1E0EFD1A004ECE41 /* IB_coach_you_manhood.mp3 */ = {isa = PBXFileReference; lastKnownFileType = audio.mp3; path = IB_coach_you_manhood.mp3; sourceTree = "<group>"; };
		1609D83D1E0EFD6D004ECE41 /* IB_is_still_proud.mp3 */ = {isa = PBXFileReference; lastKnownFileType = audio.mp3; path = IB_is_still_proud.mp3; sourceTree = "<group>"; };
		1609D83F1E0EFE08004ECE41 /* IB_thinks_youre_precious.mp3 */ = {isa = PBXFileReference; lastKnownFileType = audio.mp3; path = IB_thinks_youre_precious.mp3; sourceTree = "<group>"; };
		1609D8411E0EFE97004ECE41 /* IB_will_not_bless_you.mp3 */ = {isa = PBXFileReference; lastKnownFileType = audio.mp3; path = IB_will_not_bless_you.mp3; sourceTree = "<group>"; };
		1609D8431E0EFEEF004ECE41 /* IB_wants_top_bear.mp3 */ = {isa = PBXFileReference; lastKnownFileType = audio.mp3; path = IB_wants_top_bear.mp3; sourceTree = "<group>"; };
		1609D8451E0EFFA4004ECE41 /* IB_bug_spray.mp3 */ = {isa = PBXFileReference; lastKnownFileType = audio.mp3; path = IB_bug_spray.mp3; sourceTree = "<group>"; };
		1609D8471E0EFFF1004ECE41 /* IB_is_survivor.mp3 */ = {isa = PBXFileReference; lastKnownFileType = audio.mp3; path = IB_is_survivor.mp3; sourceTree = "<group>"; };
		1609D8491E0F0031004ECE41 /* IB_made_a_pajmina.mp3 */ = {isa = PBXFileReference; lastKnownFileType = audio.mp3; path = IB_made_a_pajmina.mp3; sourceTree = "<group>"; };
		1609D84B1E0F01E6004ECE41 /* IB_settled_that.mp3 */ = {isa = PBXFileReference; lastKnownFileType = audio.mp3; path = IB_settled_that.mp3; sourceTree = "<group>"; };
		1609D84D1E0F0268004ECE41 /* IB_turtle.mp3 */ = {isa = PBXFileReference; lastKnownFileType = audio.mp3; path = IB_turtle.mp3; sourceTree = "<group>"; };
		1609D84F1E0F02F1004ECE41 /* IB_dont_ditch.mp3 */ = {isa = PBXFileReference; lastKnownFileType = audio.mp3; path = IB_dont_ditch.mp3; sourceTree = "<group>"; };
		1609D8511E0F0364004ECE41 /* IB_turtle_neck.mp3 */ = {isa = PBXFileReference; lastKnownFileType = audio.mp3; path = IB_turtle_neck.mp3; sourceTree = "<group>"; };
		1609D8531E0F03E7004ECE41 /* IB_tote_life.mp3 */ = {isa = PBXFileReference; lastKnownFileType = audio.mp3; path = IB_tote_life.mp3; sourceTree = "<group>"; };
		1609D8551E0F0438004ECE41 /* IB_miss_yoga.mp3 */ = {isa = PBXFileReference; lastKnownFileType = audio.mp3; path = IB_miss_yoga.mp3; sourceTree = "<group>"; };
		16E4C5971E0BC45600FE126F /* tote_wrap.mp3 */ = {isa = PBXFileReference; lastKnownFileType = audio.mp3; name = tote_wrap.mp3; path = images/tote_wrap.mp3; sourceTree = "<group>"; };
		16E4C5D01E0E7BF500FE126F /* IB_koreanxmasheaven.mp3 */ = {isa = PBXFileReference; lastKnownFileType = audio.mp3; path = IB_koreanxmasheaven.mp3; sourceTree = "<group>"; };
		3083B1CDFB3E4CCAA8BB97B2 /* Zocial.ttf */ = {isa = PBXFileReference; explicitFileType = undefined; fileEncoding = 9; includeInIndex = 0; lastKnownFileType = unknown; name = Zocial.ttf; path = "../node_modules/react-native-vector-icons/Fonts/Zocial.ttf"; sourceTree = "<group>"; };
		341B84460A00457FB433E24F /* libRNVectorIcons.a */ = {isa = PBXFileReference; explicitFileType = undefined; fileEncoding = 9; includeInIndex = 0; lastKnownFileType = archive.ar; path = libRNVectorIcons.a; sourceTree = "<group>"; };
		396D21C9AEB24A4B9C86B3F9 /* FontAwesome.ttf */ = {isa = PBXFileReference; explicitFileType = undefined; fileEncoding = 9; includeInIndex = 0; lastKnownFileType = unknown; name = FontAwesome.ttf; path = "../node_modules/react-native-vector-icons/Fonts/FontAwesome.ttf"; sourceTree = "<group>"; };
		5E91572D1DD0AC6500FF2AA8 /* RCTAnimation.xcodeproj */ = {isa = PBXFileReference; lastKnownFileType = "wrapper.pb-project"; name = RCTAnimation.xcodeproj; path = "../node_modules/react-native/Libraries/NativeAnimation/RCTAnimation.xcodeproj"; sourceTree = "<group>"; };
		6F0B21574A724CED8B96CC84 /* MaterialIcons.ttf */ = {isa = PBXFileReference; explicitFileType = undefined; fileEncoding = 9; includeInIndex = 0; lastKnownFileType = unknown; name = MaterialIcons.ttf; path = "../node_modules/react-native-vector-icons/Fonts/MaterialIcons.ttf"; sourceTree = "<group>"; };
		78C398B01ACF4ADC00677621 /* RCTLinking.xcodeproj */ = {isa = PBXFileReference; lastKnownFileType = "wrapper.pb-project"; name = RCTLinking.xcodeproj; path = "../node_modules/react-native/Libraries/LinkingIOS/RCTLinking.xcodeproj"; sourceTree = "<group>"; };
		7A61C611EDFF4933AE37CA44 /* EvilIcons.ttf */ = {isa = PBXFileReference; explicitFileType = undefined; fileEncoding = 9; includeInIndex = 0; lastKnownFileType = unknown; name = EvilIcons.ttf; path = "../node_modules/react-native-vector-icons/Fonts/EvilIcons.ttf"; sourceTree = "<group>"; };
		832341B01AAA6A8300B99B32 /* RCTText.xcodeproj */ = {isa = PBXFileReference; lastKnownFileType = "wrapper.pb-project"; name = RCTText.xcodeproj; path = "../node_modules/react-native/Libraries/Text/RCTText.xcodeproj"; sourceTree = "<group>"; };
		A62A908F1E0B83A3003D5752 /* RNSound.xcodeproj */ = {isa = PBXFileReference; lastKnownFileType = "wrapper.pb-project"; name = RNSound.xcodeproj; path = "../node_modules/react-native-sound/RNSound.xcodeproj"; sourceTree = "<group>"; };
		A62A90961E0B8433003D5752 /* IB_awnyawng.mp3 */ = {isa = PBXFileReference; lastKnownFileType = audio.mp3; path = IB_awnyawng.mp3; sourceTree = "<group>"; };
		A62A90971E0B8433003D5752 /* IB_jizomida.mp3 */ = {isa = PBXFileReference; lastKnownFileType = audio.mp3; path = IB_jizomida.mp3; sourceTree = "<group>"; };
		A62A90981E0B8433003D5752 /* IB_ossuoshipshoe.mp3 */ = {isa = PBXFileReference; lastKnownFileType = audio.mp3; path = IB_ossuoshipshoe.mp3; sourceTree = "<group>"; };
		A62A90991E0B8433003D5752 /* IB_poogi_something.mp3 */ = {isa = PBXFileReference; lastKnownFileType = audio.mp3; path = IB_poogi_something.mp3; sourceTree = "<group>"; };
		A62A909A1E0B8433003D5752 /* IB_shilliyagisamnidad.mp3 */ = {isa = PBXFileReference; lastKnownFileType = audio.mp3; path = IB_shilliyagisamnidad.mp3; sourceTree = "<group>"; };
		A62A90AB1E0B9CAA003D5752 /* images */ = {isa = PBXFileReference; lastKnownFileType = folder; path = images; sourceTree = "<group>"; };
		A7420D8C756640FDB2DFB3CD /* RNVectorIcons.xcodeproj */ = {isa = PBXFileReference; explicitFileType = undefined; fileEncoding = 9; includeInIndex = 0; lastKnownFileType = "wrapper.pb-project"; name = RNVectorIcons.xcodeproj; path = "../node_modules/react-native-vector-icons/RNVectorIcons.xcodeproj"; sourceTree = "<group>"; };
		BC1EDCFB3B734F4EA16278B9 /* Ionicons.ttf */ = {isa = PBXFileReference; explicitFileType = undefined; fileEncoding = 9; includeInIndex = 0; lastKnownFileType = unknown; name = Ionicons.ttf; path = "../node_modules/react-native-vector-icons/Fonts/Ionicons.ttf"; sourceTree = "<group>"; };
		CB676C161B9747998C5EEC7D /* Octicons.ttf */ = {isa = PBXFileReference; explicitFileType = undefined; fileEncoding = 9; includeInIndex = 0; lastKnownFileType = unknown; name = Octicons.ttf; path = "../node_modules/react-native-vector-icons/Fonts/Octicons.ttf"; sourceTree = "<group>"; };
		D4260AD6C0344AFE9B4F9C6B /* Foundation.ttf */ = {isa = PBXFileReference; explicitFileType = undefined; fileEncoding = 9; includeInIndex = 0; lastKnownFileType = unknown; name = Foundation.ttf; path = "../node_modules/react-native-vector-icons/Fonts/Foundation.ttf"; sourceTree = "<group>"; };
/* End PBXFileReference section */

/* Begin PBXFrameworksBuildPhase section */
		00E356EB1AD99517003FC87E /* Frameworks */ = {
			isa = PBXFrameworksBuildPhase;
			buildActionMask = 2147483647;
			files = (
				140ED2AC1D01E1AD002B40FF /* libReact.a in Frameworks */,
			);
			runOnlyForDeploymentPostprocessing = 0;
		};
		13B07F8C1A680F5B00A75B9A /* Frameworks */ = {
			isa = PBXFrameworksBuildPhase;
			buildActionMask = 2147483647;
			files = (
				A62A90951E0B83D8003D5752 /* libRNSound.a in Frameworks */,
				5E9157361DD0AC6A00FF2AA8 /* libRCTAnimation.a in Frameworks */,
				146834051AC3E58100842450 /* libReact.a in Frameworks */,
				00C302E51ABCBA2D00DB3ED1 /* libRCTActionSheet.a in Frameworks */,
				00C302E71ABCBA2D00DB3ED1 /* libRCTGeolocation.a in Frameworks */,
				00C302E81ABCBA2D00DB3ED1 /* libRCTImage.a in Frameworks */,
				133E29F31AD74F7200F7D852 /* libRCTLinking.a in Frameworks */,
				00C302E91ABCBA2D00DB3ED1 /* libRCTNetwork.a in Frameworks */,
				139105C61AF99C1200B5F7CC /* libRCTSettings.a in Frameworks */,
				832341BD1AAA6AB300B99B32 /* libRCTText.a in Frameworks */,
				00C302EA1ABCBA2D00DB3ED1 /* libRCTVibration.a in Frameworks */,
				139FDEF61B0652A700C62182 /* libRCTWebSocket.a in Frameworks */,
				863064C184E34E239665704A /* libRNVectorIcons.a in Frameworks */,
			);
			runOnlyForDeploymentPostprocessing = 0;
		};
/* End PBXFrameworksBuildPhase section */

/* Begin PBXGroup section */
		00C302A81ABCB8CE00DB3ED1 /* Products */ = {
			isa = PBXGroup;
			children = (
				00C302AC1ABCB8CE00DB3ED1 /* libRCTActionSheet.a */,
			);
			name = Products;
			sourceTree = "<group>";
		};
		00C302B61ABCB90400DB3ED1 /* Products */ = {
			isa = PBXGroup;
			children = (
				00C302BA1ABCB90400DB3ED1 /* libRCTGeolocation.a */,
			);
			name = Products;
			sourceTree = "<group>";
		};
		00C302BC1ABCB91800DB3ED1 /* Products */ = {
			isa = PBXGroup;
			children = (
				00C302C01ABCB91800DB3ED1 /* libRCTImage.a */,
				A62A90721E0B7D94003D5752 /* libRCTImage-tvOS.a */,
			);
			name = Products;
			sourceTree = "<group>";
		};
		00C302D41ABCB9D200DB3ED1 /* Products */ = {
			isa = PBXGroup;
			children = (
				00C302DC1ABCB9D200DB3ED1 /* libRCTNetwork.a */,
				A62A907A1E0B7D94003D5752 /* libRCTNetwork-tvOS.a */,
			);
			name = Products;
			sourceTree = "<group>";
		};
		00C302E01ABCB9EE00DB3ED1 /* Products */ = {
			isa = PBXGroup;
			children = (
				00C302E41ABCB9EE00DB3ED1 /* libRCTVibration.a */,
			);
			name = Products;
			sourceTree = "<group>";
		};
		00E356EF1AD99517003FC87E /* IceBear_SoundsTests */ = {
			isa = PBXGroup;
			children = (
				00E356F21AD99517003FC87E /* IceBear_SoundsTests.m */,
				00E356F01AD99517003FC87E /* Supporting Files */,
			);
			path = IceBear_SoundsTests;
			sourceTree = "<group>";
		};
		00E356F01AD99517003FC87E /* Supporting Files */ = {
			isa = PBXGroup;
			children = (
				00E356F11AD99517003FC87E /* Info.plist */,
			);
			name = "Supporting Files";
			sourceTree = "<group>";
		};
		139105B71AF99BAD00B5F7CC /* Products */ = {
			isa = PBXGroup;
			children = (
				139105C11AF99BAD00B5F7CC /* libRCTSettings.a */,
				A62A907E1E0B7D94003D5752 /* libRCTSettings-tvOS.a */,
			);
			name = Products;
			sourceTree = "<group>";
		};
		139FDEE71B06529A00C62182 /* Products */ = {
			isa = PBXGroup;
			children = (
				139FDEF41B06529B00C62182 /* libRCTWebSocket.a */,
				A62A90871E0B7D94003D5752 /* libRCTWebSocket-tvOS.a */,
			);
			name = Products;
			sourceTree = "<group>";
		};
		13B07FAE1A68108700A75B9A /* IceBear_Sounds */ = {
			isa = PBXGroup;
			children = (
				16E4C5971E0BC45600FE126F /* tote_wrap.mp3 */,
				A62A90AB1E0B9CAA003D5752 /* images */,
				A62A90961E0B8433003D5752 /* IB_awnyawng.mp3 */,
				1609D8451E0EFFA4004ECE41 /* IB_bug_spray.mp3 */,
				1609D83B1E0EFD1A004ECE41 /* IB_coach_you_manhood.mp3 */,
				1609D84F1E0F02F1004ECE41 /* IB_dont_ditch.mp3 */,
				1609D8551E0F0438004ECE41 /* IB_miss_yoga.mp3 */,
				1609D8511E0F0364004ECE41 /* IB_turtle_neck.mp3 */,
				1609D8431E0EFEEF004ECE41 /* IB_wants_top_bear.mp3 */,
				1609D84B1E0F01E6004ECE41 /* IB_settled_that.mp3 */,
				1609D8531E0F03E7004ECE41 /* IB_tote_life.mp3 */,
				1609D8491E0F0031004ECE41 /* IB_made_a_pajmina.mp3 */,
				1609D8411E0EFE97004ECE41 /* IB_will_not_bless_you.mp3 */,
				1609D8471E0EFFF1004ECE41 /* IB_is_survivor.mp3 */,
				16E4C5D01E0E7BF500FE126F /* IB_koreanxmasheaven.mp3 */,
				1609D8391E0EFCC9004ECE41 /* IB_believed_in_you.mp3 */,
				1609D83F1E0EFE08004ECE41 /* IB_thinks_youre_precious.mp3 */,
				1609D83D1E0EFD6D004ECE41 /* IB_is_still_proud.mp3 */,
				1609D84D1E0F0268004ECE41 /* IB_turtle.mp3 */,
				1609D8371E0EFC16004ECE41 /* IB_enjoys_basking.mp3 */,
				1609D8351E0E7F39004ECE41 /* IB_best_thing_to_happen.mp3 */,
				1609D81E1E0E7E60004ECE41 /* IB_koreanxmasheaven.mp3 */,
				A62A90971E0B8433003D5752 /* IB_jizomida.mp3 */,
				A62A90981E0B8433003D5752 /* IB_ossuoshipshoe.mp3 */,
				A62A90991E0B8433003D5752 /* IB_poogi_something.mp3 */,
				A62A909A1E0B8433003D5752 /* IB_shilliyagisamnidad.mp3 */,
				008F07F21AC5B25A0029DE68 /* main.jsbundle */,
				13B07FAF1A68108700A75B9A /* AppDelegate.h */,
				13B07FB01A68108700A75B9A /* AppDelegate.m */,
				13B07FB51A68108700A75B9A /* Images.xcassets */,
				13B07FB61A68108700A75B9A /* Info.plist */,
				13B07FB11A68108700A75B9A /* LaunchScreen.xib */,
				13B07FB71A68108700A75B9A /* main.m */,
			);
			name = IceBear_Sounds;
			sourceTree = "<group>";
		};
		146834001AC3E56700842450 /* Products */ = {
			isa = PBXGroup;
			children = (
				146834041AC3E56700842450 /* libReact.a */,
				A62A908B1E0B7D94003D5752 /* libReact-tvOS.a */,
			);
			name = Products;
			sourceTree = "<group>";
		};
		5E91572E1DD0AC6500FF2AA8 /* Products */ = {
			isa = PBXGroup;
			children = (
				5E9157331DD0AC6500FF2AA8 /* libRCTAnimation.a */,
				5E9157351DD0AC6500FF2AA8 /* libRCTAnimation-tvOS.a */,
			);
			name = Products;
			sourceTree = "<group>";
		};
		78C398B11ACF4ADC00677621 /* Products */ = {
			isa = PBXGroup;
			children = (
				78C398B91ACF4ADC00677621 /* libRCTLinking.a */,
				A62A90761E0B7D94003D5752 /* libRCTLinking-tvOS.a */,
			);
			name = Products;
			sourceTree = "<group>";
		};
		832341AE1AAA6A7D00B99B32 /* Libraries */ = {
			isa = PBXGroup;
			children = (
				A62A908F1E0B83A3003D5752 /* RNSound.xcodeproj */,
				5E91572D1DD0AC6500FF2AA8 /* RCTAnimation.xcodeproj */,
				146833FF1AC3E56700842450 /* React.xcodeproj */,
				00C302A71ABCB8CE00DB3ED1 /* RCTActionSheet.xcodeproj */,
				00C302B51ABCB90400DB3ED1 /* RCTGeolocation.xcodeproj */,
				00C302BB1ABCB91800DB3ED1 /* RCTImage.xcodeproj */,
				78C398B01ACF4ADC00677621 /* RCTLinking.xcodeproj */,
				00C302D31ABCB9D200DB3ED1 /* RCTNetwork.xcodeproj */,
				139105B61AF99BAD00B5F7CC /* RCTSettings.xcodeproj */,
				832341B01AAA6A8300B99B32 /* RCTText.xcodeproj */,
				00C302DF1ABCB9EE00DB3ED1 /* RCTVibration.xcodeproj */,
				139FDEE61B06529A00C62182 /* RCTWebSocket.xcodeproj */,
				A7420D8C756640FDB2DFB3CD /* RNVectorIcons.xcodeproj */,
			);
			name = Libraries;
			sourceTree = "<group>";
		};
		832341B11AAA6A8300B99B32 /* Products */ = {
			isa = PBXGroup;
			children = (
				832341B51AAA6A8300B99B32 /* libRCTText.a */,
				A62A90821E0B7D94003D5752 /* libRCTText-tvOS.a */,
			);
			name = Products;
			sourceTree = "<group>";
		};
		83CBB9F61A601CBA00E9B192 = {
			isa = PBXGroup;
			children = (
				13B07FAE1A68108700A75B9A /* IceBear_Sounds */,
				832341AE1AAA6A7D00B99B32 /* Libraries */,
				00E356EF1AD99517003FC87E /* IceBear_SoundsTests */,
				83CBBA001A601CBA00E9B192 /* Products */,
				B74D126451E347169B4B4D10 /* Resources */,
			);
			indentWidth = 2;
			sourceTree = "<group>";
			tabWidth = 2;
		};
		83CBBA001A601CBA00E9B192 /* Products */ = {
			isa = PBXGroup;
			children = (
				13B07F961A680F5B00A75B9A /* IceBear_Sounds.app */,
				00E356EE1AD99517003FC87E /* IceBear_SoundsTests.xctest */,
			);
			name = Products;
			sourceTree = "<group>";
		};
		A62A90691E0B7D94003D5752 /* Products */ = {
			isa = PBXGroup;
			children = (
				A62A908E1E0B7D94003D5752 /* libRNVectorIcons.a */,
			);
			name = Products;
			sourceTree = "<group>";
		};
		A62A90901E0B83A3003D5752 /* Products */ = {
			isa = PBXGroup;
			children = (
				A62A90941E0B83A3003D5752 /* libRNSound.a */,
			);
			name = Products;
			sourceTree = "<group>";
		};
		B74D126451E347169B4B4D10 /* Resources */ = {
			isa = PBXGroup;
			children = (
				059D7E8FFEA04F8DB0B70C8E /* Entypo.ttf */,
				7A61C611EDFF4933AE37CA44 /* EvilIcons.ttf */,
				396D21C9AEB24A4B9C86B3F9 /* FontAwesome.ttf */,
				D4260AD6C0344AFE9B4F9C6B /* Foundation.ttf */,
				BC1EDCFB3B734F4EA16278B9 /* Ionicons.ttf */,
				6F0B21574A724CED8B96CC84 /* MaterialIcons.ttf */,
				CB676C161B9747998C5EEC7D /* Octicons.ttf */,
				0578CFB4629B491A9FE7C5CC /* SimpleLineIcons.ttf */,
				3083B1CDFB3E4CCAA8BB97B2 /* Zocial.ttf */,
			);
			name = Resources;
			sourceTree = "<group>";
		};
/* End PBXGroup section */

/* Begin PBXNativeTarget section */
		00E356ED1AD99517003FC87E /* IceBear_SoundsTests */ = {
			isa = PBXNativeTarget;
			buildConfigurationList = 00E357021AD99517003FC87E /* Build configuration list for PBXNativeTarget "IceBear_SoundsTests" */;
			buildPhases = (
				00E356EA1AD99517003FC87E /* Sources */,
				00E356EB1AD99517003FC87E /* Frameworks */,
				00E356EC1AD99517003FC87E /* Resources */,
			);
			buildRules = (
			);
			dependencies = (
				00E356F51AD99517003FC87E /* PBXTargetDependency */,
			);
			name = IceBear_SoundsTests;
			productName = IceBear_SoundsTests;
			productReference = 00E356EE1AD99517003FC87E /* IceBear_SoundsTests.xctest */;
			productType = "com.apple.product-type.bundle.unit-test";
		};
		13B07F861A680F5B00A75B9A /* IceBear_Sounds */ = {
			isa = PBXNativeTarget;
			buildConfigurationList = 13B07F931A680F5B00A75B9A /* Build configuration list for PBXNativeTarget "IceBear_Sounds" */;
			buildPhases = (
				13B07F871A680F5B00A75B9A /* Sources */,
				13B07F8C1A680F5B00A75B9A /* Frameworks */,
				13B07F8E1A680F5B00A75B9A /* Resources */,
				00DD1BFF1BD5951E006B06BC /* Bundle React Native code and images */,
			);
			buildRules = (
			);
			dependencies = (
			);
			name = IceBear_Sounds;
			productName = "Hello World";
			productReference = 13B07F961A680F5B00A75B9A /* IceBear_Sounds.app */;
			productType = "com.apple.product-type.application";
		};
/* End PBXNativeTarget section */

/* Begin PBXProject section */
		83CBB9F71A601CBA00E9B192 /* Project object */ = {
			isa = PBXProject;
			attributes = {
				LastUpgradeCheck = 610;
				ORGANIZATIONNAME = Facebook;
				TargetAttributes = {
					00E356ED1AD99517003FC87E = {
						CreatedOnToolsVersion = 6.2;
						DevelopmentTeam = Z2UTWPN9UX;
						TestTargetID = 13B07F861A680F5B00A75B9A;
					};
					13B07F861A680F5B00A75B9A = {
						DevelopmentTeam = 5ZSD7BM2F4;
						ProvisioningStyle = Automatic;
					};
				};
			};
			buildConfigurationList = 83CBB9FA1A601CBA00E9B192 /* Build configuration list for PBXProject "IceBear_Sounds" */;
			compatibilityVersion = "Xcode 3.2";
			developmentRegion = English;
			hasScannedForEncodings = 0;
			knownRegions = (
				en,
				Base,
			);
			mainGroup = 83CBB9F61A601CBA00E9B192;
			productRefGroup = 83CBBA001A601CBA00E9B192 /* Products */;
			projectDirPath = "";
			projectReferences = (
				{
					ProductGroup = 00C302A81ABCB8CE00DB3ED1 /* Products */;
					ProjectRef = 00C302A71ABCB8CE00DB3ED1 /* RCTActionSheet.xcodeproj */;
				},
				{
					ProductGroup = 5E91572E1DD0AC6500FF2AA8 /* Products */;
					ProjectRef = 5E91572D1DD0AC6500FF2AA8 /* RCTAnimation.xcodeproj */;
				},
				{
					ProductGroup = 00C302B61ABCB90400DB3ED1 /* Products */;
					ProjectRef = 00C302B51ABCB90400DB3ED1 /* RCTGeolocation.xcodeproj */;
				},
				{
					ProductGroup = 00C302BC1ABCB91800DB3ED1 /* Products */;
					ProjectRef = 00C302BB1ABCB91800DB3ED1 /* RCTImage.xcodeproj */;
				},
				{
					ProductGroup = 78C398B11ACF4ADC00677621 /* Products */;
					ProjectRef = 78C398B01ACF4ADC00677621 /* RCTLinking.xcodeproj */;
				},
				{
					ProductGroup = 00C302D41ABCB9D200DB3ED1 /* Products */;
					ProjectRef = 00C302D31ABCB9D200DB3ED1 /* RCTNetwork.xcodeproj */;
				},
				{
					ProductGroup = 139105B71AF99BAD00B5F7CC /* Products */;
					ProjectRef = 139105B61AF99BAD00B5F7CC /* RCTSettings.xcodeproj */;
				},
				{
					ProductGroup = 832341B11AAA6A8300B99B32 /* Products */;
					ProjectRef = 832341B01AAA6A8300B99B32 /* RCTText.xcodeproj */;
				},
				{
					ProductGroup = 00C302E01ABCB9EE00DB3ED1 /* Products */;
					ProjectRef = 00C302DF1ABCB9EE00DB3ED1 /* RCTVibration.xcodeproj */;
				},
				{
					ProductGroup = 139FDEE71B06529A00C62182 /* Products */;
					ProjectRef = 139FDEE61B06529A00C62182 /* RCTWebSocket.xcodeproj */;
				},
				{
					ProductGroup = 146834001AC3E56700842450 /* Products */;
					ProjectRef = 146833FF1AC3E56700842450 /* React.xcodeproj */;
				},
				{
					ProductGroup = A62A90901E0B83A3003D5752 /* Products */;
					ProjectRef = A62A908F1E0B83A3003D5752 /* RNSound.xcodeproj */;
				},
				{
					ProductGroup = A62A90691E0B7D94003D5752 /* Products */;
					ProjectRef = A7420D8C756640FDB2DFB3CD /* RNVectorIcons.xcodeproj */;
				},
			);
			projectRoot = "";
			targets = (
				13B07F861A680F5B00A75B9A /* IceBear_Sounds */,
				00E356ED1AD99517003FC87E /* IceBear_SoundsTests */,
			);
		};
/* End PBXProject section */

/* Begin PBXReferenceProxy section */
		00C302AC1ABCB8CE00DB3ED1 /* libRCTActionSheet.a */ = {
			isa = PBXReferenceProxy;
			fileType = archive.ar;
			path = libRCTActionSheet.a;
			remoteRef = 00C302AB1ABCB8CE00DB3ED1 /* PBXContainerItemProxy */;
			sourceTree = BUILT_PRODUCTS_DIR;
		};
		00C302BA1ABCB90400DB3ED1 /* libRCTGeolocation.a */ = {
			isa = PBXReferenceProxy;
			fileType = archive.ar;
			path = libRCTGeolocation.a;
			remoteRef = 00C302B91ABCB90400DB3ED1 /* PBXContainerItemProxy */;
			sourceTree = BUILT_PRODUCTS_DIR;
		};
		00C302C01ABCB91800DB3ED1 /* libRCTImage.a */ = {
			isa = PBXReferenceProxy;
			fileType = archive.ar;
			path = libRCTImage.a;
			remoteRef = 00C302BF1ABCB91800DB3ED1 /* PBXContainerItemProxy */;
			sourceTree = BUILT_PRODUCTS_DIR;
		};
		00C302DC1ABCB9D200DB3ED1 /* libRCTNetwork.a */ = {
			isa = PBXReferenceProxy;
			fileType = archive.ar;
			path = libRCTNetwork.a;
			remoteRef = 00C302DB1ABCB9D200DB3ED1 /* PBXContainerItemProxy */;
			sourceTree = BUILT_PRODUCTS_DIR;
		};
		00C302E41ABCB9EE00DB3ED1 /* libRCTVibration.a */ = {
			isa = PBXReferenceProxy;
			fileType = archive.ar;
			path = libRCTVibration.a;
			remoteRef = 00C302E31ABCB9EE00DB3ED1 /* PBXContainerItemProxy */;
			sourceTree = BUILT_PRODUCTS_DIR;
		};
		139105C11AF99BAD00B5F7CC /* libRCTSettings.a */ = {
			isa = PBXReferenceProxy;
			fileType = archive.ar;
			path = libRCTSettings.a;
			remoteRef = 139105C01AF99BAD00B5F7CC /* PBXContainerItemProxy */;
			sourceTree = BUILT_PRODUCTS_DIR;
		};
		139FDEF41B06529B00C62182 /* libRCTWebSocket.a */ = {
			isa = PBXReferenceProxy;
			fileType = archive.ar;
			path = libRCTWebSocket.a;
			remoteRef = 139FDEF31B06529B00C62182 /* PBXContainerItemProxy */;
			sourceTree = BUILT_PRODUCTS_DIR;
		};
		146834041AC3E56700842450 /* libReact.a */ = {
			isa = PBXReferenceProxy;
			fileType = archive.ar;
			path = libReact.a;
			remoteRef = 146834031AC3E56700842450 /* PBXContainerItemProxy */;
			sourceTree = BUILT_PRODUCTS_DIR;
		};
		5E9157331DD0AC6500FF2AA8 /* libRCTAnimation.a */ = {
			isa = PBXReferenceProxy;
			fileType = archive.ar;
			path = libRCTAnimation.a;
			remoteRef = 5E9157321DD0AC6500FF2AA8 /* PBXContainerItemProxy */;
			sourceTree = BUILT_PRODUCTS_DIR;
		};
		5E9157351DD0AC6500FF2AA8 /* libRCTAnimation-tvOS.a */ = {
			isa = PBXReferenceProxy;
			fileType = archive.ar;
			path = "libRCTAnimation-tvOS.a";
			remoteRef = 5E9157341DD0AC6500FF2AA8 /* PBXContainerItemProxy */;
			sourceTree = BUILT_PRODUCTS_DIR;
		};
		78C398B91ACF4ADC00677621 /* libRCTLinking.a */ = {
			isa = PBXReferenceProxy;
			fileType = archive.ar;
			path = libRCTLinking.a;
			remoteRef = 78C398B81ACF4ADC00677621 /* PBXContainerItemProxy */;
			sourceTree = BUILT_PRODUCTS_DIR;
		};
		832341B51AAA6A8300B99B32 /* libRCTText.a */ = {
			isa = PBXReferenceProxy;
			fileType = archive.ar;
			path = libRCTText.a;
			remoteRef = 832341B41AAA6A8300B99B32 /* PBXContainerItemProxy */;
			sourceTree = BUILT_PRODUCTS_DIR;
		};
		A62A90721E0B7D94003D5752 /* libRCTImage-tvOS.a */ = {
			isa = PBXReferenceProxy;
			fileType = archive.ar;
			path = "libRCTImage-tvOS.a";
			remoteRef = A62A90711E0B7D94003D5752 /* PBXContainerItemProxy */;
			sourceTree = BUILT_PRODUCTS_DIR;
		};
		A62A90761E0B7D94003D5752 /* libRCTLinking-tvOS.a */ = {
			isa = PBXReferenceProxy;
			fileType = archive.ar;
			path = "libRCTLinking-tvOS.a";
			remoteRef = A62A90751E0B7D94003D5752 /* PBXContainerItemProxy */;
			sourceTree = BUILT_PRODUCTS_DIR;
		};
		A62A907A1E0B7D94003D5752 /* libRCTNetwork-tvOS.a */ = {
			isa = PBXReferenceProxy;
			fileType = archive.ar;
			path = "libRCTNetwork-tvOS.a";
			remoteRef = A62A90791E0B7D94003D5752 /* PBXContainerItemProxy */;
			sourceTree = BUILT_PRODUCTS_DIR;
		};
		A62A907E1E0B7D94003D5752 /* libRCTSettings-tvOS.a */ = {
			isa = PBXReferenceProxy;
			fileType = archive.ar;
			path = "libRCTSettings-tvOS.a";
			remoteRef = A62A907D1E0B7D94003D5752 /* PBXContainerItemProxy */;
			sourceTree = BUILT_PRODUCTS_DIR;
		};
		A62A90821E0B7D94003D5752 /* libRCTText-tvOS.a */ = {
			isa = PBXReferenceProxy;
			fileType = archive.ar;
			path = "libRCTText-tvOS.a";
			remoteRef = A62A90811E0B7D94003D5752 /* PBXContainerItemProxy */;
			sourceTree = BUILT_PRODUCTS_DIR;
		};
		A62A90871E0B7D94003D5752 /* libRCTWebSocket-tvOS.a */ = {
			isa = PBXReferenceProxy;
			fileType = archive.ar;
			path = "libRCTWebSocket-tvOS.a";
			remoteRef = A62A90861E0B7D94003D5752 /* PBXContainerItemProxy */;
			sourceTree = BUILT_PRODUCTS_DIR;
		};
		A62A908B1E0B7D94003D5752 /* libReact-tvOS.a */ = {
			isa = PBXReferenceProxy;
			fileType = archive.ar;
			path = "libReact-tvOS.a";
			remoteRef = A62A908A1E0B7D94003D5752 /* PBXContainerItemProxy */;
			sourceTree = BUILT_PRODUCTS_DIR;
		};
		A62A908E1E0B7D94003D5752 /* libRNVectorIcons.a */ = {
			isa = PBXReferenceProxy;
			fileType = archive.ar;
			path = libRNVectorIcons.a;
			remoteRef = A62A908D1E0B7D94003D5752 /* PBXContainerItemProxy */;
			sourceTree = BUILT_PRODUCTS_DIR;
		};
		A62A90941E0B83A3003D5752 /* libRNSound.a */ = {
			isa = PBXReferenceProxy;
			fileType = archive.ar;
			path = libRNSound.a;
			remoteRef = A62A90931E0B83A3003D5752 /* PBXContainerItemProxy */;
			sourceTree = BUILT_PRODUCTS_DIR;
		};
/* End PBXReferenceProxy section */

/* Begin PBXResourcesBuildPhase section */
		00E356EC1AD99517003FC87E /* Resources */ = {
			isa = PBXResourcesBuildPhase;
			buildActionMask = 2147483647;
			files = (
			);
			runOnlyForDeploymentPostprocessing = 0;
		};
		13B07F8E1A680F5B00A75B9A /* Resources */ = {
			isa = PBXResourcesBuildPhase;
			buildActionMask = 2147483647;
			files = (
				1609D84C1E0F01E6004ECE41 /* IB_settled_that.mp3 in Resources */,
				A62A909D1E0B8433003D5752 /* IB_ossuoshipshoe.mp3 in Resources */,
				A62A909F1E0B8433003D5752 /* IB_shilliyagisamnidad.mp3 in Resources */,
				1609D8541E0F03E7004ECE41 /* IB_tote_life.mp3 in Resources */,
				13B07FBF1A68108700A75B9A /* Images.xcassets in Resources */,
				1609D8561E0F0438004ECE41 /* IB_miss_yoga.mp3 in Resources */,
				1609D83A1E0EFCC9004ECE41 /* IB_believed_in_you.mp3 in Resources */,
				1609D8501E0F02F1004ECE41 /* IB_dont_ditch.mp3 in Resources */,
				A62A90AC1E0B9CAA003D5752 /* images in Resources */,
				1609D84E1E0F0268004ECE41 /* IB_turtle.mp3 in Resources */,
				13B07FBD1A68108700A75B9A /* LaunchScreen.xib in Resources */,
				0E77F05E274D4F9082954291 /* Entypo.ttf in Resources */,
				16E4C5981E0BC45600FE126F /* tote_wrap.mp3 in Resources */,
				A62A909C1E0B8433003D5752 /* IB_jizomida.mp3 in Resources */,
				A62A909B1E0B8433003D5752 /* IB_awnyawng.mp3 in Resources */,
				CED311EF17284F818B7B2751 /* EvilIcons.ttf in Resources */,
				13A2A6F1F8114AC28A3A5D6C /* FontAwesome.ttf in Resources */,
				1609D8461E0EFFA4004ECE41 /* IB_bug_spray.mp3 in Resources */,
				1609D8361E0E7F39004ECE41 /* IB_best_thing_to_happen.mp3 in Resources */,
				16E4C5D11E0E7BF500FE126F /* IB_koreanxmasheaven.mp3 in Resources */,
				1609D83E1E0EFD6D004ECE41 /* IB_is_still_proud.mp3 in Resources */,
				1609D8401E0EFE08004ECE41 /* IB_thinks_youre_precious.mp3 in Resources */,
				1609D8481E0EFFF1004ECE41 /* IB_is_survivor.mp3 in Resources */,
				C278F61A06774720A1AC22FD /* Foundation.ttf in Resources */,
				1609D83C1E0EFD1A004ECE41 /* IB_coach_you_manhood.mp3 in Resources */,
				1609D84A1E0F0031004ECE41 /* IB_made_a_pajmina.mp3 in Resources */,
				9C1B2ED50EF84B6593E0E998 /* Ionicons.ttf in Resources */,
				A62A909E1E0B8433003D5752 /* IB_poogi_something.mp3 in Resources */,
				1609D8421E0EFE97004ECE41 /* IB_will_not_bless_you.mp3 in Resources */,
				1D0620B828EA4DA7B9DC9D9E /* MaterialIcons.ttf in Resources */,
				1609D8521E0F0364004ECE41 /* IB_turtle_neck.mp3 in Resources */,
				1609D8381E0EFC16004ECE41 /* IB_enjoys_basking.mp3 in Resources */,
				57B044A1ECDE460AB4EFCD76 /* Octicons.ttf in Resources */,
				C017393946FB4275B83413D9 /* SimpleLineIcons.ttf in Resources */,
				1609D8441E0EFEEF004ECE41 /* IB_wants_top_bear.mp3 in Resources */,
				5DD1AB8DBAB441F983DD9C30 /* Zocial.ttf in Resources */,
				1609D81F1E0E7E60004ECE41 /* IB_koreanxmasheaven.mp3 in Resources */,
			);
			runOnlyForDeploymentPostprocessing = 0;
		};
/* End PBXResourcesBuildPhase section */

/* Begin PBXShellScriptBuildPhase section */
		00DD1BFF1BD5951E006B06BC /* Bundle React Native code and images */ = {
			isa = PBXShellScriptBuildPhase;
			buildActionMask = 2147483647;
			files = (
			);
			inputPaths = (
			);
			name = "Bundle React Native code and images";
			outputPaths = (
			);
			runOnlyForDeploymentPostprocessing = 0;
			shellPath = /bin/sh;
			shellScript = "export NODE_BINARY=node\n../node_modules/react-native/packager/react-native-xcode.sh";
		};
/* End PBXShellScriptBuildPhase section */

/* Begin PBXSourcesBuildPhase section */
		00E356EA1AD99517003FC87E /* Sources */ = {
			isa = PBXSourcesBuildPhase;
			buildActionMask = 2147483647;
			files = (
				00E356F31AD99517003FC87E /* IceBear_SoundsTests.m in Sources */,
			);
			runOnlyForDeploymentPostprocessing = 0;
		};
		13B07F871A680F5B00A75B9A /* Sources */ = {
			isa = PBXSourcesBuildPhase;
			buildActionMask = 2147483647;
			files = (
				13B07FBC1A68108700A75B9A /* AppDelegate.m in Sources */,
				13B07FC11A68108700A75B9A /* main.m in Sources */,
			);
			runOnlyForDeploymentPostprocessing = 0;
		};
/* End PBXSourcesBuildPhase section */

/* Begin PBXTargetDependency section */
		00E356F51AD99517003FC87E /* PBXTargetDependency */ = {
			isa = PBXTargetDependency;
			target = 13B07F861A680F5B00A75B9A /* IceBear_Sounds */;
			targetProxy = 00E356F41AD99517003FC87E /* PBXContainerItemProxy */;
		};
/* End PBXTargetDependency section */

/* Begin PBXVariantGroup section */
		13B07FB11A68108700A75B9A /* LaunchScreen.xib */ = {
			isa = PBXVariantGroup;
			children = (
				13B07FB21A68108700A75B9A /* Base */,
			);
			name = LaunchScreen.xib;
			path = IceBear_Sounds;
			sourceTree = "<group>";
		};
/* End PBXVariantGroup section */

/* Begin XCBuildConfiguration section */
		00E356F61AD99517003FC87E /* Debug */ = {
			isa = XCBuildConfiguration;
			buildSettings = {
				BUNDLE_LOADER = "$(TEST_HOST)";
				DEVELOPMENT_TEAM = Z2UTWPN9UX;
				GCC_PREPROCESSOR_DEFINITIONS = (
					"DEBUG=1",
					"$(inherited)",
				);
				INFOPLIST_FILE = IceBear_SoundsTests/Info.plist;
				IPHONEOS_DEPLOYMENT_TARGET = 8.0;
				LD_RUNPATH_SEARCH_PATHS = "$(inherited) @executable_path/Frameworks @loader_path/Frameworks";
				LIBRARY_SEARCH_PATHS = (
					"$(inherited)",
					"\"$(SRCROOT)/$(TARGET_NAME)\"",
				);
				PRODUCT_NAME = "$(TARGET_NAME)";
				TEST_HOST = "$(BUILT_PRODUCTS_DIR)/IceBear_Sounds.app/IceBear_Sounds";
			};
			name = Debug;
		};
		00E356F71AD99517003FC87E /* Release */ = {
			isa = XCBuildConfiguration;
			buildSettings = {
				BUNDLE_LOADER = "$(TEST_HOST)";
				COPY_PHASE_STRIP = NO;
				DEVELOPMENT_TEAM = Z2UTWPN9UX;
				INFOPLIST_FILE = IceBear_SoundsTests/Info.plist;
				IPHONEOS_DEPLOYMENT_TARGET = 8.0;
				LD_RUNPATH_SEARCH_PATHS = "$(inherited) @executable_path/Frameworks @loader_path/Frameworks";
				LIBRARY_SEARCH_PATHS = (
					"$(inherited)",
					"\"$(SRCROOT)/$(TARGET_NAME)\"",
				);
				PRODUCT_NAME = "$(TARGET_NAME)";
				TEST_HOST = "$(BUILT_PRODUCTS_DIR)/IceBear_Sounds.app/IceBear_Sounds";
			};
			name = Release;
		};
		13B07F941A680F5B00A75B9A /* Debug */ = {
			isa = XCBuildConfiguration;
			buildSettings = {
				ASSETCATALOG_COMPILER_APPICON_NAME = AppIcon;
				"CODE_SIGN_IDENTITY[sdk=iphoneos*]" = "iPhone Developer";
				CURRENT_PROJECT_VERSION = 1;
				DEAD_CODE_STRIPPING = NO;
				DEVELOPMENT_TEAM = 5ZSD7BM2F4;
				INFOPLIST_FILE = IceBear_Sounds/Info.plist;
				LD_RUNPATH_SEARCH_PATHS = "$(inherited) @executable_path/Frameworks";
				OTHER_LDFLAGS = (
					"$(inherited)",
					"-ObjC",
					"-lc++",
				);
				PRODUCT_NAME = IceBear_Sounds;
				VERSIONING_SYSTEM = "apple-generic";
			};
			name = Debug;
		};
		13B07F951A680F5B00A75B9A /* Release */ = {
			isa = XCBuildConfiguration;
			buildSettings = {
				ASSETCATALOG_COMPILER_APPICON_NAME = AppIcon;
				"CODE_SIGN_IDENTITY[sdk=iphoneos*]" = "iPhone Developer";
				CURRENT_PROJECT_VERSION = 1;
				DEVELOPMENT_TEAM = 5ZSD7BM2F4;
				INFOPLIST_FILE = IceBear_Sounds/Info.plist;
				LD_RUNPATH_SEARCH_PATHS = "$(inherited) @executable_path/Frameworks";
				OTHER_LDFLAGS = (
					"$(inherited)",
					"-ObjC",
					"-lc++",
				);
				PRODUCT_NAME = IceBear_Sounds;
				VERSIONING_SYSTEM = "apple-generic";
			};
			name = Release;
		};
		83CBBA201A601CBA00E9B192 /* Debug */ = {
			isa = XCBuildConfiguration;
			buildSettings = {
				ALWAYS_SEARCH_USER_PATHS = NO;
				CLANG_CXX_LANGUAGE_STANDARD = "gnu++0x";
				CLANG_CXX_LIBRARY = "libc++";
				CLANG_ENABLE_MODULES = YES;
				CLANG_ENABLE_OBJC_ARC = YES;
				CLANG_WARN_BOOL_CONVERSION = YES;
				CLANG_WARN_CONSTANT_CONVERSION = YES;
				CLANG_WARN_DIRECT_OBJC_ISA_USAGE = YES_ERROR;
				CLANG_WARN_EMPTY_BODY = YES;
				CLANG_WARN_ENUM_CONVERSION = YES;
				CLANG_WARN_INT_CONVERSION = YES;
				CLANG_WARN_OBJC_ROOT_CLASS = YES_ERROR;
				CLANG_WARN_UNREACHABLE_CODE = YES;
				CLANG_WARN__DUPLICATE_METHOD_MATCH = YES;
				"CODE_SIGN_IDENTITY[sdk=iphoneos*]" = "iPhone Developer";
				COPY_PHASE_STRIP = NO;
				ENABLE_STRICT_OBJC_MSGSEND = YES;
				GCC_C_LANGUAGE_STANDARD = gnu99;
				GCC_DYNAMIC_NO_PIC = NO;
				GCC_OPTIMIZATION_LEVEL = 0;
				GCC_PREPROCESSOR_DEFINITIONS = (
					"DEBUG=1",
					"$(inherited)",
				);
				GCC_SYMBOLS_PRIVATE_EXTERN = NO;
				GCC_WARN_64_TO_32_BIT_CONVERSION = YES;
				GCC_WARN_ABOUT_RETURN_TYPE = YES_ERROR;
				GCC_WARN_UNDECLARED_SELECTOR = YES;
				GCC_WARN_UNINITIALIZED_AUTOS = YES_AGGRESSIVE;
				GCC_WARN_UNUSED_FUNCTION = YES;
				GCC_WARN_UNUSED_VARIABLE = YES;
				HEADER_SEARCH_PATHS = (
					"$(inherited)",
					"$(SRCROOT)/../node_modules/react-native/React/**",
					"$(SRCROOT)/../node_modules/react-native/ReactCommon/**",
					"$(SRCROOT)/../node_modules/react-native-vector-icons/RNVectorIconsManager",
				);
				IPHONEOS_DEPLOYMENT_TARGET = 8.0;
				MTL_ENABLE_DEBUG_INFO = YES;
				ONLY_ACTIVE_ARCH = YES;
				SDKROOT = iphoneos;
			};
			name = Debug;
		};
		83CBBA211A601CBA00E9B192 /* Release */ = {
			isa = XCBuildConfiguration;
			buildSettings = {
				ALWAYS_SEARCH_USER_PATHS = NO;
				CLANG_CXX_LANGUAGE_STANDARD = "gnu++0x";
				CLANG_CXX_LIBRARY = "libc++";
				CLANG_ENABLE_MODULES = YES;
				CLANG_ENABLE_OBJC_ARC = YES;
				CLANG_WARN_BOOL_CONVERSION = YES;
				CLANG_WARN_CONSTANT_CONVERSION = YES;
				CLANG_WARN_DIRECT_OBJC_ISA_USAGE = YES_ERROR;
				CLANG_WARN_EMPTY_BODY = YES;
				CLANG_WARN_ENUM_CONVERSION = YES;
				CLANG_WARN_INT_CONVERSION = YES;
				CLANG_WARN_OBJC_ROOT_CLASS = YES_ERROR;
				CLANG_WARN_UNREACHABLE_CODE = YES;
				CLANG_WARN__DUPLICATE_METHOD_MATCH = YES;
				"CODE_SIGN_IDENTITY[sdk=iphoneos*]" = "iPhone Developer";
				COPY_PHASE_STRIP = YES;
				ENABLE_NS_ASSERTIONS = NO;
				ENABLE_STRICT_OBJC_MSGSEND = YES;
				GCC_C_LANGUAGE_STANDARD = gnu99;
				GCC_WARN_64_TO_32_BIT_CONVERSION = YES;
				GCC_WARN_ABOUT_RETURN_TYPE = YES_ERROR;
				GCC_WARN_UNDECLARED_SELECTOR = YES;
				GCC_WARN_UNINITIALIZED_AUTOS = YES_AGGRESSIVE;
				GCC_WARN_UNUSED_FUNCTION = YES;
				GCC_WARN_UNUSED_VARIABLE = YES;
				HEADER_SEARCH_PATHS = (
					"$(inherited)",
					"$(SRCROOT)/../node_modules/react-native/React/**",
					"$(SRCROOT)/../node_modules/react-native/ReactCommon/**",
					"$(SRCROOT)/../node_modules/react-native-vector-icons/RNVectorIconsManager",
				);
				IPHONEOS_DEPLOYMENT_TARGET = 8.0;
				MTL_ENABLE_DEBUG_INFO = NO;
				SDKROOT = iphoneos;
				VALIDATE_PRODUCT = YES;
			};
			name = Release;
		};
/* End XCBuildConfiguration section */

/* Begin XCConfigurationList section */
		00E357021AD99517003FC87E /* Build configuration list for PBXNativeTarget "IceBear_SoundsTests" */ = {
			isa = XCConfigurationList;
			buildConfigurations = (
				00E356F61AD99517003FC87E /* Debug */,
				00E356F71AD99517003FC87E /* Release */,
			);
			defaultConfigurationIsVisible = 0;
			defaultConfigurationName = Release;
		};
		13B07F931A680F5B00A75B9A /* Build configuration list for PBXNativeTarget "IceBear_Sounds" */ = {
			isa = XCConfigurationList;
			buildConfigurations = (
				13B07F941A680F5B00A75B9A /* Debug */,
				13B07F951A680F5B00A75B9A /* Release */,
			);
			defaultConfigurationIsVisible = 0;
			defaultConfigurationName = Release;
		};
		83CBB9FA1A601CBA00E9B192 /* Build configuration list for PBXProject "IceBear_Sounds" */ = {
			isa = XCConfigurationList;
			buildConfigurations = (
				83CBBA201A601CBA00E9B192 /* Debug */,
				83CBBA211A601CBA00E9B192 /* Release */,
			);
			defaultConfigurationIsVisible = 0;
			defaultConfigurationName = Release;
		};
/* End XCConfigurationList section */
	};
	rootObject = 83CBB9F71A601CBA00E9B192 /* Project object */;
}
